
Microsoft Visual Studio Solution File, Format Version 12.00
# Visual Studio 15
VisualStudioVersion = 15.0.27703.2035
MinimumVisualStudioVersion = 10.0.40219.1
Project("{FAE04EC0-301F-11D3-BF4B-00C04F79EFBC}") = "ConsoleApp5", "ConsoleApp5\ConsoleApp5.csproj", "{A897A10C-1696-4385-A208-5AFDE21B1A32}"
EndProject
Global
	GlobalSection(SolutionConfigurationPlatforms) = preSolution
		Debug|Any CPU = Debug|Any CPU
		Release|Any CPU = Release|Any CPU
	EndGlobalSection
	GlobalSection(ProjectConfigurationPlatforms) = postSolution
		{A897A10C-1696-4385-A208-5AFDE21B1A32}.Debug|Any CPU.ActiveCfg = Debug|Any CPU
		{A897A10C-1696-4385-A208-5AFDE21B1A32}.Debug|Any CPU.Build.0 = Debug|Any CPU
		{A897A10C-1696-4385-A208-5AFDE21B1A32}.Release|Any CPU.ActiveCfg = Release|Any CPU
		{A897A10C-1696-4385-A208-5AFDE21B1A32}.Release|Any CPU.Build.0 = Release|Any CPU
	EndGlobalSection
	GlobalSection(SolutionProperties) = preSolution
		HideSolutionNode = FALSE
	EndGlobalSection
	GlobalSection(ExtensibilityGlobals) = postSolution
		SolutionGuid = {C1EE44C2-7ADD-4987-9207-326070F6A31D}
	EndGlobalSection
EndGlobal
